
Microsoft Visual Studio Solution File, Format Version 12.00
# Visual Studio Version 16
VisualStudioVersion = 16.0.32228.343
MinimumVisualStudioVersion = 10.0.40219.1
Project("{FAE04EC0-301F-11D3-BF4B-00C04F79EFBC}") = "BackEndWeek1", "BackEndWeek1\BackEndWeek1.csproj", "{9280BA1E-9D2D-4A7B-A283-FFAEECED1388}"
EndProject
Global
	GlobalSection(SolutionConfigurationPlatforms) = preSolution
		Debug|Any CPU = Debug|Any CPU
		Release|Any CPU = Release|Any CPU
	EndGlobalSection
	GlobalSection(ProjectConfigurationPlatforms) = postSolution
		{9280BA1E-9D2D-4A7B-A283-FFAEECED1388}.Debug|Any CPU.ActiveCfg = Debug|Any CPU
		{9280BA1E-9D2D-4A7B-A283-FFAEECED1388}.Debug|Any CPU.Build.0 = Debug|Any CPU
		{9280BA1E-9D2D-4A7B-A283-FFAEECED1388}.Release|Any CPU.ActiveCfg = Release|Any CPU
		{9280BA1E-9D2D-4A7B-A283-FFAEECED1388}.Release|Any CPU.Build.0 = Release|Any CPU
	EndGlobalSection
	GlobalSection(SolutionProperties) = preSolution
		HideSolutionNode = FALSE
	EndGlobalSection
	GlobalSection(ExtensibilityGlobals) = postSolution
		SolutionGuid = {8BADDBCE-AE24-47B7-8381-EE52C48126A2}
	EndGlobalSection
EndGlobal
